
Microsoft Visual Studio Solution File, Format Version 12.00
# Visual Studio Version 17
VisualStudioVersion = 17.0.31903.59
MinimumVisualStudioVersion = 10.0.40219.1
Project("{2150E333-8FDC-42A3-9474-1A3956D46DE8}") = "Domain", "Domain", "{F3D0636C-03C4-4E2F-8397-6A1D0CD51181}"
EndProject
Project("{FAE04EC0-301F-11D3-BF4B-00C04F79EFBC}") = "Domain.Common", "Domain\Domain.Common\Domain.Common.csproj", "{BDCBE34E-4EB6-4552-BC7D-42299BA3423A}"
EndProject
Project("{2150E333-8FDC-42A3-9474-1A3956D46DE8}") = "MicroServices", "MicroServices", "{9DBF27FD-E746-4F62-B4E2-890FC9F3FB72}"
EndProject
Project("{2150E333-8FDC-42A3-9474-1A3956D46DE8}") = "APIs", "APIs", "{B1BFD9CA-3CD9-4A5C-90CB-6706AA51E477}"
EndProject
Project("{2150E333-8FDC-42A3-9474-1A3956D46DE8}") = "Questions", "Questions", "{AA04256D-8B0B-4356-AD0F-EAC3793CC0CC}"
EndProject
Project("{FAE04EC0-301F-11D3-BF4B-00C04F79EFBC}") = "Questions.API", "MicroServices\APIs\Questions\Questions.API\Questions.API.csproj", "{8AD477E2-98B0-43CD-AAC3-3199BB674DF3}"
EndProject
Project("{FAE04EC0-301F-11D3-BF4B-00C04F79EFBC}") = "Questions.DataAccess", "MicroServices\APIs\Questions\Questions.DataAccess\Questions.DataAccess.csproj", "{A5FAB68E-2CDC-4502-BAD0-C7B8E2A11360}"
EndProject
Global
	GlobalSection(SolutionConfigurationPlatforms) = preSolution
		Debug|Any CPU = Debug|Any CPU
		Release|Any CPU = Release|Any CPU
	EndGlobalSection
	GlobalSection(SolutionProperties) = preSolution
		HideSolutionNode = FALSE
	EndGlobalSection
	GlobalSection(ProjectConfigurationPlatforms) = postSolution
		{BDCBE34E-4EB6-4552-BC7D-42299BA3423A}.Debug|Any CPU.ActiveCfg = Debug|Any CPU
		{BDCBE34E-4EB6-4552-BC7D-42299BA3423A}.Debug|Any CPU.Build.0 = Debug|Any CPU
		{BDCBE34E-4EB6-4552-BC7D-42299BA3423A}.Release|Any CPU.ActiveCfg = Release|Any CPU
		{BDCBE34E-4EB6-4552-BC7D-42299BA3423A}.Release|Any CPU.Build.0 = Release|Any CPU
		{8AD477E2-98B0-43CD-AAC3-3199BB674DF3}.Debug|Any CPU.ActiveCfg = Debug|Any CPU
		{8AD477E2-98B0-43CD-AAC3-3199BB674DF3}.Debug|Any CPU.Build.0 = Debug|Any CPU
		{8AD477E2-98B0-43CD-AAC3-3199BB674DF3}.Release|Any CPU.ActiveCfg = Release|Any CPU
		{8AD477E2-98B0-43CD-AAC3-3199BB674DF3}.Release|Any CPU.Build.0 = Release|Any CPU
		{A5FAB68E-2CDC-4502-BAD0-C7B8E2A11360}.Debug|Any CPU.ActiveCfg = Debug|Any CPU
		{A5FAB68E-2CDC-4502-BAD0-C7B8E2A11360}.Debug|Any CPU.Build.0 = Debug|Any CPU
		{A5FAB68E-2CDC-4502-BAD0-C7B8E2A11360}.Release|Any CPU.ActiveCfg = Release|Any CPU
		{A5FAB68E-2CDC-4502-BAD0-C7B8E2A11360}.Release|Any CPU.Build.0 = Release|Any CPU
	EndGlobalSection
	GlobalSection(NestedProjects) = preSolution
		{BDCBE34E-4EB6-4552-BC7D-42299BA3423A} = {F3D0636C-03C4-4E2F-8397-6A1D0CD51181}
		{B1BFD9CA-3CD9-4A5C-90CB-6706AA51E477} = {9DBF27FD-E746-4F62-B4E2-890FC9F3FB72}
		{AA04256D-8B0B-4356-AD0F-EAC3793CC0CC} = {B1BFD9CA-3CD9-4A5C-90CB-6706AA51E477}
		{8AD477E2-98B0-43CD-AAC3-3199BB674DF3} = {AA04256D-8B0B-4356-AD0F-EAC3793CC0CC}
		{A5FAB68E-2CDC-4502-BAD0-C7B8E2A11360} = {AA04256D-8B0B-4356-AD0F-EAC3793CC0CC}
	EndGlobalSection
EndGlobal
